# THIS IS AN AUTOGENERATED FILE. DO NOT EDIT THIS FILE DIRECTLY.
# yarn lockfile v1


"@ts-defold/types@^1.2.21":
  version "1.2.32"
  resolved "https://registry.yarnpkg.com/@ts-defold/types/-/types-1.2.32.tgz#40376a45593c845cd6374d7f8641f509be7a835e"
  integrity sha512-MJwA2l0TM9cqVDRE89jBb+z5Hu/eEDE95pLhOWkviIEvzUP50GuNtI8wAxGZStd6mdY+WaKNDiM6Q/XEob2Gbg==
  dependencies:
    lua-types "^2.10.1"

"@typescript-to-lua/language-extensions@^1.0.0":
  version "1.19.0"
  resolved "https://registry.yarnpkg.com/@typescript-to-lua/language-extensions/-/language-extensions-1.19.0.tgz#e7535ed343bed68580dd96e1a8101a1dbb2dc771"
  integrity sha512-Os5wOKwviTD4LeqI29N0btYOjokSJ97iCf45EOjIABlb5IwNQy7AE/AqZJobRw3ywHH8+KzJUMkEirWPzh2tUA==

lua-types@^2.10.1:
  version "2.13.1"
  resolved "https://registry.yarnpkg.com/lua-types/-/lua-types-2.13.1.tgz#8df705ae47617d4a2f189d727f075ca36e690bdb"
  integrity sha512-rRwtvX6kS+5MpuO3xpvKsnYjdSDDI064Qq1OqX8gY+r+0l7m3dFLiZPDFoHqH22jaBpEvcHcPs6+WD7qkdmFsA==

prettier@^3.0.0:
  version "3.1.1"
  resolved "https://registry.yarnpkg.com/prettier/-/prettier-3.1.1.tgz#6ba9f23165d690b6cbdaa88cb0807278f7019848"
  integrity sha512-22UbSzg8luF4UuZtzgiUOfcGM8s4tjBv6dJRT7j275NXsy2jb4aJa4NNveul5x4eqlF1wuhuR2RElK71RvmVaw==

typescript@~5.3.3:
  version "5.3.3"
  resolved "https://registry.yarnpkg.com/typescript/-/typescript-5.3.3.tgz#b3ce6ba258e72e6305ba66f5c9b452aaee3ffe37"
  integrity sha512-pXWcraxM0uxAS+tN0AG/BF2TyqmHO014Z070UsJ+pFvYuRSq8KH8DmWpnbXe0pEPDHXZV3FcAbJkijJ5oNEnWw==
